// !$*UTF8*$!
{
	archiveVersion = 1;
	classes = {
	};
	objectVersion = 46;
	objects = {

/* Begin PBXBuildFile section */
		818181421D7E7329008FED55 /* AppDelegate.swift in Sources */ = {isa = PBXBuildFile; fileRef = 818181411D7E7329008FED55 /* AppDelegate.swift */; };
		818181441D7E7329008FED55 /* ViewController.swift in Sources */ = {isa = PBXBuildFile; fileRef = 818181431D7E7329008FED55 /* ViewController.swift */; };
		818181471D7E7329008FED55 /* Main.storyboard in Resources */ = {isa = PBXBuildFile; fileRef = 818181451D7E7329008FED55 /* Main.storyboard */; };
		818181491D7E7329008FED55 /* Assets.xcassets in Resources */ = {isa = PBXBuildFile; fileRef = 818181481D7E7329008FED55 /* Assets.xcassets */; };
		8181814C1D7E7329008FED55 /* LaunchScreen.storyboard in Resources */ = {isa = PBXBuildFile; fileRef = 8181814A1D7E7329008FED55 /* LaunchScreen.storyboard */; };
/* End PBXBuildFile section */

/* Begin PBXFileReference section */
		8181813E1D7E7329008FED55 /* LinkLabel.app */ = {isa = PBXFileReference; explicitFileType = wrapper.application; includeInIndex = 0; path = LinkLabel.app; sourceTree = BUILT_PRODUCTS_DIR; };
		818181411D7E7329008FED55 /* AppDelegate.swift */ = {isa = PBXFileReference; lastKnownFileType = sourcecode.swift; path = AppDelegate.swift; sourceTree = "<group>"; };
		818181431D7E7329008FED55 /* ViewController.swift */ = {isa = PBXFileReference; lastKnownFileType = sourcecode.swift; path = ViewController.swift; sourceTree = "<group>"; };
		818181461D7E7329008FED55 /* Base */ = {isa = PBXFileReference; lastKnownFileType = file.storyboard; name = Base; path = Base.lproj/Main.storyboard; sourceTree = "<group>"; };
		818181481D7E7329008FED55 /* Assets.xcassets */ = {isa = PBXFileReference; lastKnownFileType = folder.assetcatalog; path = Assets.xcassets; sourceTree = "<group>"; };
		8181814B1D7E7329008FED55 /* Base */ = {isa = PBXFileReference; lastKnownFileType = file.storyboard; name = Base; path = Base.lproj/LaunchScreen.storyboard; sourceTree = "<group>"; };
		8181814D1D7E7329008FED55 /* Info.plist */ = {isa = PBXFileReference; lastKnownFileType = text.plist.xml; path = Info.plist; sourceTree = "<group>"; };
/* End PBXFileReference section */

/* Begin PBXFrameworksBuildPhase section */
		8181813B1D7E7329008FED55 /* Frameworks */ = {
			isa = PBXFrameworksBuildPhase;
			buildActionMask = 2147483647;
			files = (
			);
			runOnlyForDeploymentPostprocessing = 0;
		};
/* End PBXFrameworksBuildPhase section */

/* Begin PBXGroup section */
		818181351D7E7329008FED55 = {
			isa = PBXGroup;
			children = (
				818181401D7E7329008FED55 /* LinkLabel */,
				8181813F1D7E7329008FED55 /* Products */,
			);
			sourceTree = "<group>";
		};
		8181813F1D7E7329008FED55 /* Products */ = {
			isa = PBXGroup;
			children = (
				8181813E1D7E7329008FED55 /* LinkLabel.app */,
			);
			name = Products;
			sourceTree = "<group>";
		};
		818181401D7E7329008FED55 /* LinkLabel */ = {
			isa = PBXGroup;
			children = (
				818181411D7E7329008FED55 /* AppDelegate.swift */,
				818181431D7E7329008FED55 /* ViewController.swift */,
				818181451D7E7329008FED55 /* Main.storyboard */,
				818181481D7E7329008FED55 /* Assets.xcassets */,
				8181814A1D7E7329008FED55 /* LaunchScreen.storyboard */,
				8181814D1D7E7329008FED55 /* Info.plist */,
			);
			path = LinkLabel;
			sourceTree = "<group>";
		};
/* End PBXGroup section */

/* Begin PBXNativeTarget section */
		8181813D1D7E7329008FED55 /* LinkLabel */ = {
			isa = PBXNativeTarget;
			buildConfigurationList = 818181501D7E7329008FED55 /* Build configuration list for PBXNativeTarget "LinkLabel" */;
			buildPhases = (
				8181813A1D7E7329008FED55 /* Sources */,
				8181813B1D7E7329008FED55 /* Frameworks */,
				8181813C1D7E7329008FED55 /* Resources */,
			);
			buildRules = (
			);
			dependencies = (
			);
			name = LinkLabel;
			productName = LinkLabel;
			productReference = 8181813E1D7E7329008FED55 /* LinkLabel.app */;
			productType = "com.apple.product-type.application";
		};
/* End PBXNativeTarget section */

/* Begin PBXProject section */
		818181361D7E7329008FED55 /* Project object */ = {
			isa = PBXProject;
			attributes = {
				LastSwiftUpdateCheck = 0730;
				LastUpgradeCheck = 0730;
				ORGANIZATIONNAME = wujianguo;
				TargetAttributes = {
					8181813D1D7E7329008FED55 = {
						CreatedOnToolsVersion = 7.3.1;
					};
				};
			};
			buildConfigurationList = 818181391D7E7329008FED55 /* Build configuration list for PBXProject "LinkLabel" */;
			compatibilityVersion = "Xcode 3.2";
			developmentRegion = English;
			hasScannedForEncodings = 0;
			knownRegions = (
				en,
				Base,
			);
			mainGroup = 818181351D7E7329008FED55;
			productRefGroup = 8181813F1D7E7329008FED55 /* Products */;
			projectDirPath = "";
			projectRoot = "";
			targets = (
				8181813D1D7E7329008FED55 /* LinkLabel */,
			);
		};
/* End PBXProject section */

/* Begin PBXResourcesBuildPhase section */
		8181813C1D7E7329008FED55 /* Resources */ = {
			isa = PBXResourcesBuildPhase;
			buildActionMask = 2147483647;
			files = (
				8181814C1D7E7329008FED55 /* LaunchScreen.storyboard in Resources */,
				818181491D7E7329008FED55 /* Assets.xcassets in Resources */,
				818181471D7E7329008FED55 /* Main.storyboard in Resources */,
			);
			runOnlyForDeploymentPostprocessing = 0;
		};
/* End PBXResourcesBuildPhase section */

/* Begin PBXSourcesBuildPhase section */
		8181813A1D7E7329008FED55 /* Sources */ = {
			isa = PBXSourcesBuildPhase;
			buildActionMask = 2147483647;
			files = (
				818181441D7E7329008FED55 /* ViewController.swift in Sources */,
				818181421D7E7329008FED55 /* AppDelegate.swift in Sources */,
			);
			runOnlyForDeploymentPostprocessing = 0;
		};
/* End PBXSourcesBuildPhase section */

/* Begin PBXVariantGroup section */
		818181451D7E7329008FED55 /* Main.storyboard */ = {
			isa = PBXVariantGroup;
			children = (
				818181461D7E7329008FED55 /* Base */,
			);
			name = Main.storyboard;
			sourceTree = "<group>";
		};
		8181814A1D7E7329008FED55 /* LaunchScreen.storyboard */ = {
			isa = PBXVariantGroup;
			children = (
				8181814B1D7E7329008FED55 /* Base */,
			);
			name = LaunchScreen.storyboard;
			sourceTree = "<group>";
		};
/* End PBXVariantGroup section */

/* Begin XCBuildConfiguration section */
		8181814E1D7E7329008FED55 /* Debug */ = {
			isa = XCBuildConfiguration;
			buildSettings = {
				ALWAYS_SEARCH_USER_PATHS = NO;
				CLANG_ANALYZER_NONNULL = YES;
				CLANG_CXX_LANGUAGE_STANDARD = "gnu++0x";
				CLANG_CXX_LIBRARY = "libc++";
				CLANG_ENABLE_MODULES = YES;
				CLANG_ENABLE_OBJC_ARC = YES;
				CLANG_WARN_BOOL_CONVERSION = YES;
				CLANG_WARN_CONSTANT_CONVERSION = YES;
				CLANG_WARN_DIRECT_OBJC_ISA_USAGE = YES_ERROR;
				CLANG_WARN_EMPTY_BODY = YES;
				CLANG_WARN_ENUM_CONVERSION = YES;
				CLANG_WARN_INT_CONVERSION = YES;
				CLANG_WARN_OBJC_ROOT_CLASS = YES_ERROR;
				CLANG_WARN_UNREACHABLE_CODE = YES;
				CLANG_WARN__DUPLICATE_METHOD_MATCH = YES;
				"CODE_SIGN_IDENTITY[sdk=iphoneos*]" = "iPhone Developer";
				COPY_PHASE_STRIP = NO;
				DEBUG_INFORMATION_FORMAT = dwarf;
				ENABLE_STRICT_OBJC_MSGSEND = YES;
				ENABLE_TESTABILITY = YES;
				GCC_C_LANGUAGE_STANDARD = gnu99;
				GCC_DYNAMIC_NO_PIC = NO;
				GCC_NO_COMMON_BLOCKS = YES;
				GCC_OPTIMIZATION_LEVEL = 0;
				GCC_PREPROCESSOR_DEFINITIONS = (
					"DEBUG=1",
					"$(inherited)",
				);
				GCC_WARN_64_TO_32_BIT_CONVERSION = YES;
				GCC_WARN_ABOUT_RETURN_TYPE = YES_ERROR;
				GCC_WARN_UNDECLARED_SELECTOR = YES;
				GCC_WARN_UNINITIALIZED_AUTOS = YES_AGGRESSIVE;
				GCC_WARN_UNUSED_FUNCTION = YES;
				GCC_WARN_UNUSED_VARIABLE = YES;
				IPHONEOS_DEPLOYMENT_TARGET = 9.3;
				MTL_ENABLE_DEBUG_INFO = YES;
				ONLY_ACTIVE_ARCH = YES;
				SDKROOT = iphoneos;
				SWIFT_OPTIMIZATION_LEVEL = "-Onone";
				TARGETED_DEVICE_FAMILY = "1,2";
			};
			name = Debug;
		};
		8181814F1D7E7329008FED55 /* Release */ = {
			isa = XCBuildConfiguration;
			buildSettings = {
				ALWAYS_SEARCH_USER_PATHS = NO;
				CLANG_ANALYZER_NONNULL = YES;
				CLANG_CXX_LANGUAGE_STANDARD = "gnu++0x";
				CLANG_CXX_LIBRARY = "libc++";
				CLANG_ENABLE_MODULES = YES;
				CLANG_ENABLE_OBJC_ARC = YES;
				CLANG_WARN_BOOL_CONVERSION = YES;
				CLANG_WARN_CONSTANT_CONVERSION = YES;
				CLANG_WARN_DIRECT_OBJC_ISA_USAGE = YES_ERROR;
				CLANG_WARN_EMPTY_BODY = YES;
				CLANG_WARN_ENUM_CONVERSION = YES;
				CLANG_WARN_INT_CONVERSION = YES;
				CLANG_WARN_OBJC_ROOT_CLASS = YES_ERROR;
				CLANG_WARN_UNREACHABLE_CODE = YES;
				CLANG_WARN__DUPLICATE_METHOD_MATCH = YES;
				"CODE_SIGN_IDENTITY[sdk=iphoneos*]" = "iPhone Developer";
				COPY_PHASE_STRIP = NO;
				DEBUG_INFORMATION_FORMAT = "dwarf-with-dsym";
				ENABLE_NS_ASSERTIONS = NO;
				ENABLE_STRICT_OBJC_MSGSEND = YES;
				GCC_C_LANGUAGE_STANDARD = gnu99;
				GCC_NO_COMMON_BLOCKS = YES;
				GCC_WARN_64_TO_32_BIT_CONVERSION = YES;
				GCC_WARN_ABOUT_RETURN_TYPE = YES_ERROR;
				GCC_WARN_UNDECLARED_SELECTOR = YES;
				GCC_WARN_UNINITIALIZED_AUTOS = YES_AGGRESSIVE;
				GCC_WARN_UNUSED_FUNCTION = YES;
				GCC_WARN_UNUSED_VARIABLE = YES;
				IPHONEOS_DEPLOYMENT_TARGET = 9.3;
				MTL_ENABLE_DEBUG_INFO = NO;
				SDKROOT = iphoneos;
				TARGETED_DEVICE_FAMILY = "1,2";
				VALIDATE_PRODUCT = YES;
			};
			name = Release;
		};
		818181511D7E7329008FED55 /* Debug */ = {
			isa = XCBuildConfiguration;
			buildSettings = {
				ASSETCATALOG_COMPILER_APPICON_NAME = AppIcon;
				INFOPLIST_FILE = LinkLabel/Info.plist;
				LD_RUNPATH_SEARCH_PATHS = "$(inherited) @executable_path/Frameworks";
				PRODUCT_BUNDLE_IDENTIFIER = org.wujianguo.LinkLabel;
				PRODUCT_NAME = "$(TARGET_NAME)";
			};
			name = Debug;
		};
		818181521D7E7329008FED55 /* Release */ = {
			isa = XCBuildConfiguration;
			buildSettings = {
				ASSETCATALOG_COMPILER_APPICON_NAME = AppIcon;
				INFOPLIST_FILE = LinkLabel/Info.plist;
				LD_RUNPATH_SEARCH_PATHS = "$(inherited) @executable_path/Frameworks";
				PRODUCT_BUNDLE_IDENTIFIER = org.wujianguo.LinkLabel;
				PRODUCT_NAME = "$(TARGET_NAME)";
			};
			name = Release;
		};
/* End XCBuildConfiguration section */

/* Begin XCConfigurationList section */
		818181391D7E7329008FED55 /* Build configuration list for PBXProject "LinkLabel" */ = {
			isa = XCConfigurationList;
			buildConfigurations = (
				8181814E1D7E7329008FED55 /* Debug */,
				8181814F1D7E7329008FED55 /* Release */,
			);
			defaultConfigurationIsVisible = 0;
			defaultConfigurationName = Release;
		};
		818181501D7E7329008FED55 /* Build configuration list for PBXNativeTarget "LinkLabel" */ = {
			isa = XCConfigurationList;
			buildConfigurations = (
				818181511D7E7329008FED55 /* Debug */,
				818181521D7E7329008FED55 /* Release */,
			);
			defaultConfigurationIsVisible = 0;
		};
/* End XCConfigurationList section */
	};
	rootObject = 818181361D7E7329008FED55 /* Project object */;
}
